// !$*UTF8*$!
{
	archiveVersion = 1;
	classes = {
	};
	objectVersion = 50;
	objects = {

/* Begin PBXBuildFile section */
		798D3A6A25680E4900D0E238 /* AppDelegate.swift in Sources */ = {isa = PBXBuildFile; fileRef = 798D3A6925680E4900D0E238 /* AppDelegate.swift */; };
		798D3A6C25680E4900D0E238 /* SceneDelegate.swift in Sources */ = {isa = PBXBuildFile; fileRef = 798D3A6B25680E4900D0E238 /* SceneDelegate.swift */; };
		798D3A6E25680E4900D0E238 /* ViewController.swift in Sources */ = {isa = PBXBuildFile; fileRef = 798D3A6D25680E4900D0E238 /* ViewController.swift */; };
		798D3A7125680E4900D0E238 /* Main.storyboard in Resources */ = {isa = PBXBuildFile; fileRef = 798D3A6F25680E4900D0E238 /* Main.storyboard */; };
		798D3A7325680E4B00D0E238 /* Assets.xcassets in Resources */ = {isa = PBXBuildFile; fileRef = 798D3A7225680E4B00D0E238 /* Assets.xcassets */; };
		798D3A7625680E4B00D0E238 /* LaunchScreen.storyboard in Resources */ = {isa = PBXBuildFile; fileRef = 798D3A7425680E4B00D0E238 /* LaunchScreen.storyboard */; };
/* End PBXBuildFile section */

/* Begin PBXFileReference section */
		798D3A6625680E4900D0E238 /* doll.app */ = {isa = PBXFileReference; explicitFileType = wrapper.application; includeInIndex = 0; path = doll.app; sourceTree = BUILT_PRODUCTS_DIR; };
		798D3A6925680E4900D0E238 /* AppDelegate.swift */ = {isa = PBXFileReference; lastKnownFileType = sourcecode.swift; path = AppDelegate.swift; sourceTree = "<group>"; };
		798D3A6B25680E4900D0E238 /* SceneDelegate.swift */ = {isa = PBXFileReference; lastKnownFileType = sourcecode.swift; path = SceneDelegate.swift; sourceTree = "<group>"; };
		798D3A6D25680E4900D0E238 /* ViewController.swift */ = {isa = PBXFileReference; lastKnownFileType = sourcecode.swift; path = ViewController.swift; sourceTree = "<group>"; };
		798D3A7025680E4900D0E238 /* Base */ = {isa = PBXFileReference; lastKnownFileType = file.storyboard; name = Base; path = Base.lproj/Main.storyboard; sourceTree = "<group>"; };
		798D3A7225680E4B00D0E238 /* Assets.xcassets */ = {isa = PBXFileReference; lastKnownFileType = folder.assetcatalog; path = Assets.xcassets; sourceTree = "<group>"; };
		798D3A7525680E4B00D0E238 /* Base */ = {isa = PBXFileReference; lastKnownFileType = file.storyboard; name = Base; path = Base.lproj/LaunchScreen.storyboard; sourceTree = "<group>"; };
		798D3A7725680E4B00D0E238 /* Info.plist */ = {isa = PBXFileReference; lastKnownFileType = text.plist.xml; path = Info.plist; sourceTree = "<group>"; };
/* End PBXFileReference section */

/* Begin PBXFrameworksBuildPhase section */
		798D3A6325680E4900D0E238 /* Frameworks */ = {
			isa = PBXFrameworksBuildPhase;
			buildActionMask = 2147483647;
			files = (
			);
			runOnlyForDeploymentPostprocessing = 0;
		};
/* End PBXFrameworksBuildPhase section */

/* Begin PBXGroup section */
		798D3A5D25680E4900D0E238 = {
			isa = PBXGroup;
			children = (
				798D3A6825680E4900D0E238 /* doll */,
				798D3A6725680E4900D0E238 /* Products */,
			);
			sourceTree = "<group>";
		};
		798D3A6725680E4900D0E238 /* Products */ = {
			isa = PBXGroup;
			children = (
				798D3A6625680E4900D0E238 /* doll.app */,
			);
			name = Products;
			sourceTree = "<group>";
		};
		798D3A6825680E4900D0E238 /* doll */ = {
			isa = PBXGroup;
			children = (
				798D3A6925680E4900D0E238 /* AppDelegate.swift */,
				798D3A6B25680E4900D0E238 /* SceneDelegate.swift */,
				798D3A6D25680E4900D0E238 /* ViewController.swift */,
				798D3A6F25680E4900D0E238 /* Main.storyboard */,
				798D3A7225680E4B00D0E238 /* Assets.xcassets */,
				798D3A7425680E4B00D0E238 /* LaunchScreen.storyboard */,
				798D3A7725680E4B00D0E238 /* Info.plist */,
			);
			path = doll;
			sourceTree = "<group>";
		};
/* End PBXGroup section */

/* Begin PBXNativeTarget section */
		798D3A6525680E4900D0E238 /* doll */ = {
			isa = PBXNativeTarget;
			buildConfigurationList = 798D3A7A25680E4B00D0E238 /* Build configuration list for PBXNativeTarget "doll" */;
			buildPhases = (
				798D3A6225680E4900D0E238 /* Sources */,
				798D3A6325680E4900D0E238 /* Frameworks */,
				798D3A6425680E4900D0E238 /* Resources */,
			);
			buildRules = (
			);
			dependencies = (
			);
			name = doll;
			productName = doll;
			productReference = 798D3A6625680E4900D0E238 /* doll.app */;
			productType = "com.apple.product-type.application";
		};
/* End PBXNativeTarget section */

/* Begin PBXProject section */
		798D3A5E25680E4900D0E238 /* Project object */ = {
			isa = PBXProject;
			attributes = {
				LastSwiftUpdateCheck = 1210;
				LastUpgradeCheck = 1210;
				TargetAttributes = {
					798D3A6525680E4900D0E238 = {
						CreatedOnToolsVersion = 12.1;
					};
				};
			};
			buildConfigurationList = 798D3A6125680E4900D0E238 /* Build configuration list for PBXProject "doll" */;
			compatibilityVersion = "Xcode 9.3";
			developmentRegion = en;
			hasScannedForEncodings = 0;
			knownRegions = (
				en,
				Base,
			);
			mainGroup = 798D3A5D25680E4900D0E238;
			productRefGroup = 798D3A6725680E4900D0E238 /* Products */;
			projectDirPath = "";
			projectRoot = "";
			targets = (
				798D3A6525680E4900D0E238 /* doll */,
			);
		};
/* End PBXProject section */

/* Begin PBXResourcesBuildPhase section */
		798D3A6425680E4900D0E238 /* Resources */ = {
			isa = PBXResourcesBuildPhase;
			buildActionMask = 2147483647;
			files = (
				798D3A7625680E4B00D0E238 /* LaunchScreen.storyboard in Resources */,
				798D3A7325680E4B00D0E238 /* Assets.xcassets in Resources */,
				798D3A7125680E4900D0E238 /* Main.storyboard in Resources */,
			);
			runOnlyForDeploymentPostprocessing = 0;
		};
/* End PBXResourcesBuildPhase section */

/* Begin PBXSourcesBuildPhase section */
		798D3A6225680E4900D0E238 /* Sources */ = {
			isa = PBXSourcesBuildPhase;
			buildActionMask = 2147483647;
			files = (
				798D3A6E25680E4900D0E238 /* ViewController.swift in Sources */,
				798D3A6A25680E4900D0E238 /* AppDelegate.swift in Sources */,
				798D3A6C25680E4900D0E238 /* SceneDelegate.swift in Sources */,
			);
			runOnlyForDeploymentPostprocessing = 0;
		};
/* End PBXSourcesBuildPhase section */

/* Begin PBXVariantGroup section */
		798D3A6F25680E4900D0E238 /* Main.storyboard */ = {
			isa = PBXVariantGroup;
			children = (
				798D3A7025680E4900D0E238 /* Base */,
			);
			name = Main.storyboard;
			sourceTree = "<group>";
		};
		798D3A7425680E4B00D0E238 /* LaunchScreen.storyboard */ = {
			isa = PBXVariantGroup;
			children = (
				798D3A7525680E4B00D0E238 /* Base */,
			);
			name = LaunchScreen.storyboard;
			sourceTree = "<group>";
		};
/* End PBXVariantGroup section */

/* Begin XCBuildConfiguration section */
		798D3A7825680E4B00D0E238 /* Debug */ = {
			isa = XCBuildConfiguration;
			buildSettings = {
				ALWAYS_SEARCH_USER_PATHS = NO;
				CLANG_ANALYZER_NONNULL = YES;
				CLANG_ANALYZER_NUMBER_OBJECT_CONVERSION = YES_AGGRESSIVE;
				CLANG_CXX_LANGUAGE_STANDARD = "gnu++14";
				CLANG_CXX_LIBRARY = "libc++";
				CLANG_ENABLE_MODULES = YES;
				CLANG_ENABLE_OBJC_ARC = YES;
				CLANG_ENABLE_OBJC_WEAK = YES;
				CLANG_WARN_BLOCK_CAPTURE_AUTORELEASING = YES;
				CLANG_WARN_BOOL_CONVERSION = YES;
				CLANG_WARN_COMMA = YES;
				CLANG_WARN_CONSTANT_CONVERSION = YES;
				CLANG_WARN_DEPRECATED_OBJC_IMPLEMENTATIONS = YES;
				CLANG_WARN_DIRECT_OBJC_ISA_USAGE = YES_ERROR;
				CLANG_WARN_DOCUMENTATION_COMMENTS = YES;
				CLANG_WARN_EMPTY_BODY = YES;
				CLANG_WARN_ENUM_CONVERSION = YES;
				CLANG_WARN_INFINITE_RECURSION = YES;
				CLANG_WARN_INT_CONVERSION = YES;
				CLANG_WARN_NON_LITERAL_NULL_CONVERSION = YES;
				CLANG_WARN_OBJC_IMPLICIT_RETAIN_SELF = YES;
				CLANG_WARN_OBJC_LITERAL_CONVERSION = YES;
				CLANG_WARN_OBJC_ROOT_CLASS = YES_ERROR;
				CLANG_WARN_QUOTED_INCLUDE_IN_FRAMEWORK_HEADER = YES;
				CLANG_WARN_RANGE_LOOP_ANALYSIS = YES;
				CLANG_WARN_STRICT_PROTOTYPES = YES;
				CLANG_WARN_SUSPICIOUS_MOVE = YES;
				CLANG_WARN_UNGUARDED_AVAILABILITY = YES_AGGRESSIVE;
				CLANG_WARN_UNREACHABLE_CODE = YES;
				CLANG_WARN__DUPLICATE_METHOD_MATCH = YES;
				COPY_PHASE_STRIP = NO;
				DEBUG_INFORMATION_FORMAT = dwarf;
				ENABLE_STRICT_OBJC_MSGSEND = YES;
				ENABLE_TESTABILITY = YES;
				GCC_C_LANGUAGE_STANDARD = gnu11;
				GCC_DYNAMIC_NO_PIC = NO;
				GCC_NO_COMMON_BLOCKS = YES;
				GCC_OPTIMIZATION_LEVEL = 0;
				GCC_PREPROCESSOR_DEFINITIONS = (
					"DEBUG=1",
					"$(inherited)",
				);
				GCC_WARN_64_TO_32_BIT_CONVERSION = YES;
				GCC_WARN_ABOUT_RETURN_TYPE = YES_ERROR;
				GCC_WARN_UNDECLARED_SELECTOR = YES;
				GCC_WARN_UNINITIALIZED_AUTOS = YES_AGGRESSIVE;
				GCC_WARN_UNUSED_FUNCTION = YES;
				GCC_WARN_UNUSED_VARIABLE = YES;
				IPHONEOS_DEPLOYMENT_TARGET = 14.1;
				MTL_ENABLE_DEBUG_INFO = INCLUDE_SOURCE;
				MTL_FAST_MATH = YES;
				ONLY_ACTIVE_ARCH = YES;
				SDKROOT = iphoneos;
				SWIFT_ACTIVE_COMPILATION_CONDITIONS = DEBUG;
				SWIFT_OPTIMIZATION_LEVEL = "-Onone";
			};
			name = Debug;
		};
		798D3A7925680E4B00D0E238 /* Release */ = {
			isa = XCBuildConfiguration;
			buildSettings = {
				ALWAYS_SEARCH_USER_PATHS = NO;
				CLANG_ANALYZER_NONNULL = YES;
				CLANG_ANALYZER_NUMBER_OBJECT_CONVERSION = YES_AGGRESSIVE;
				CLANG_CXX_LANGUAGE_STANDARD = "gnu++14";
				CLANG_CXX_LIBRARY = "libc++";
				CLANG_ENABLE_MODULES = YES;
				CLANG_ENABLE_OBJC_ARC = YES;
				CLANG_ENABLE_OBJC_WEAK = YES;
				CLANG_WARN_BLOCK_CAPTURE_AUTORELEASING = YES;
				CLANG_WARN_BOOL_CONVERSION = YES;
				CLANG_WARN_COMMA = YES;
				CLANG_WARN_CONSTANT_CONVERSION = YES;
				CLANG_WARN_DEPRECATED_OBJC_IMPLEMENTATIONS = YES;
				CLANG_WARN_DIRECT_OBJC_ISA_USAGE = YES_ERROR;
				CLANG_WARN_DOCUMENTATION_COMMENTS = YES;
				CLANG_WARN_EMPTY_BODY = YES;
				CLANG_WARN_ENUM_CONVERSION = YES;
				CLANG_WARN_INFINITE_RECURSION = YES;
				CLANG_WARN_INT_CONVERSION = YES;
				CLANG_WARN_NON_LITERAL_NULL_CONVERSION = YES;
				CLANG_WARN_OBJC_IMPLICIT_RETAIN_SELF = YES;
				CLANG_WARN_OBJC_LITERAL_CONVERSION = YES;
				CLANG_WARN_OBJC_ROOT_CLASS = YES_ERROR;
				CLANG_WARN_QUOTED_INCLUDE_IN_FRAMEWORK_HEADER = YES;
				CLANG_WARN_RANGE_LOOP_ANALYSIS = YES;
				CLANG_WARN_STRICT_PROTOTYPES = YES;
				CLANG_WARN_SUSPICIOUS_MOVE = YES;
				CLANG_WARN_UNGUARDED_AVAILABILITY = YES_AGGRESSIVE;
				CLANG_WARN_UNREACHABLE_CODE = YES;
				CLANG_WARN__DUPLICATE_METHOD_MATCH = YES;
				COPY_PHASE_STRIP = NO;
				DEBUG_INFORMATION_FORMAT = "dwarf-with-dsym";
				ENABLE_NS_ASSERTIONS = NO;
				ENABLE_STRICT_OBJC_MSGSEND = YES;
				GCC_C_LANGUAGE_STANDARD = gnu11;
				GCC_NO_COMMON_BLOCKS = YES;
				GCC_WARN_64_TO_32_BIT_CONVERSION = YES;
				GCC_WARN_ABOUT_RETURN_TYPE = YES_ERROR;
				GCC_WARN_UNDECLARED_SELECTOR = YES;
				GCC_WARN_UNINITIALIZED_AUTOS = YES_AGGRESSIVE;
				GCC_WARN_UNUSED_FUNCTION = YES;
				GCC_WARN_UNUSED_VARIABLE = YES;
				IPHONEOS_DEPLOYMENT_TARGET = 14.1;
				MTL_ENABLE_DEBUG_INFO = NO;
				MTL_FAST_MATH = YES;
				SDKROOT = iphoneos;
				SWIFT_COMPILATION_MODE = wholemodule;
				SWIFT_OPTIMIZATION_LEVEL = "-O";
				VALIDATE_PRODUCT = YES;
			};
			name = Release;
		};
		798D3A7B25680E4B00D0E238 /* Debug */ = {
			isa = XCBuildConfiguration;
			buildSettings = {
				ASSETCATALOG_COMPILER_APPICON_NAME = AppIcon;
				ASSETCATALOG_COMPILER_GLOBAL_ACCENT_COLOR_NAME = AccentColor;
				CODE_SIGN_STYLE = Automatic;
				DEVELOPMENT_TEAM = 48NTRUPLBR;
				INFOPLIST_FILE = doll/Info.plist;
				LD_RUNPATH_SEARCH_PATHS = (
					"$(inherited)",
					"@executable_path/Frameworks",
				);
				PRODUCT_BUNDLE_IDENTIFIER = com.binyuxie.doll;
				PRODUCT_NAME = "$(TARGET_NAME)";
				SWIFT_VERSION = 5.0;
				TARGETED_DEVICE_FAMILY = "1,2";
			};
			name = Debug;
		};
		798D3A7C25680E4B00D0E238 /* Release */ = {
			isa = XCBuildConfiguration;
			buildSettings = {
				ASSETCATALOG_COMPILER_APPICON_NAME = AppIcon;
				ASSETCATALOG_COMPILER_GLOBAL_ACCENT_COLOR_NAME = AccentColor;
				CODE_SIGN_STYLE = Automatic;
				DEVELOPMENT_TEAM = 48NTRUPLBR;
				INFOPLIST_FILE = doll/Info.plist;
				LD_RUNPATH_SEARCH_PATHS = (
					"$(inherited)",
					"@executable_path/Frameworks",
				);
				PRODUCT_BUNDLE_IDENTIFIER = com.binyuxie.doll;
				PRODUCT_NAME = "$(TARGET_NAME)";
				SWIFT_VERSION = 5.0;
				TARGETED_DEVICE_FAMILY = "1,2";
			};
			name = Release;
		};
/* End XCBuildConfiguration section */

/* Begin XCConfigurationList section */
		798D3A6125680E4900D0E238 /* Build configuration list for PBXProject "doll" */ = {
			isa = XCConfigurationList;
			buildConfigurations = (
				798D3A7825680E4B00D0E238 /* Debug */,
				798D3A7925680E4B00D0E238 /* Release */,
			);
			defaultConfigurationIsVisible = 0;
			defaultConfigurationName = Release;
		};
		798D3A7A25680E4B00D0E238 /* Build configuration list for PBXNativeTarget "doll" */ = {
			isa = XCConfigurationList;
			buildConfigurations = (
				798D3A7B25680E4B00D0E238 /* Debug */,
				798D3A7C25680E4B00D0E238 /* Release */,
			);
			defaultConfigurationIsVisible = 0;
			defaultConfigurationName = Release;
		};
/* End XCConfigurationList section */
	};
	rootObject = 798D3A5E25680E4900D0E238 /* Project object */;
}
